
Microsoft Visual Studio Solution File, Format Version 12.00
# Visual Studio Version 17
VisualStudioVersion = 17.8.34330.188
MinimumVisualStudioVersion = 10.0.40219.1
Project("{FAE04EC0-301F-11D3-BF4B-00C04F79EFBC}") = "Press_DB", "Press_DB.csproj", "{2B8C762F-D6A6-4F6E-A673-136D2A20A1FE}"
EndProject
Global
	GlobalSection(SolutionConfigurationPlatforms) = preSolution
		Debug|Any CPU = Debug|Any CPU
		Release|Any CPU = Release|Any CPU
	EndGlobalSection
	GlobalSection(ProjectConfigurationPlatforms) = postSolution
		{2B8C762F-D6A6-4F6E-A673-136D2A20A1FE}.Debug|Any CPU.ActiveCfg = Debug|Any CPU
		{2B8C762F-D6A6-4F6E-A673-136D2A20A1FE}.Debug|Any CPU.Build.0 = Debug|Any CPU
		{2B8C762F-D6A6-4F6E-A673-136D2A20A1FE}.Release|Any CPU.ActiveCfg = Release|Any CPU
		{2B8C762F-D6A6-4F6E-A673-136D2A20A1FE}.Release|Any CPU.Build.0 = Release|Any CPU
	EndGlobalSection
	GlobalSection(SolutionProperties) = preSolution
		HideSolutionNode = FALSE
	EndGlobalSection
	GlobalSection(ExtensibilityGlobals) = postSolution
		SolutionGuid = {D8187D35-1332-4932-8238-72164478FCFA}
	EndGlobalSection
EndGlobal
