
Microsoft Visual Studio Solution File, Format Version 12.00
# Visual Studio Version 17
VisualStudioVersion = 17.8.34330.188
MinimumVisualStudioVersion = 10.0.40219.1
Project("{9A19103F-16F7-4668-BE54-9A1E7A4F7556}") = "Press_DB", "Press_DB.csproj", "{E70C957A-92FC-47B4-A24F-3723DD70DB88}"
EndProject
Project("{2150E333-8FDC-42A3-9474-1A3956D46DE8}") = "Solution Items", "Solution Items", "{F56A781F-2329-44DF-A326-23607DC752D2}"
EndProject
Project("{2150E333-8FDC-42A3-9474-1A3956D46DE8}") = "솔루션 항목", "솔루션 항목", "{67EEE705-7FD4-4C0B-A26F-CCFD2AE2AC27}"
EndProject
Global
	GlobalSection(SolutionConfigurationPlatforms) = preSolution
		Debug|Any CPU = Debug|Any CPU
		Release|Any CPU = Release|Any CPU
	EndGlobalSection
	GlobalSection(ProjectConfigurationPlatforms) = postSolution
		{E70C957A-92FC-47B4-A24F-3723DD70DB88}.Debug|Any CPU.ActiveCfg = Debug|Any CPU
		{E70C957A-92FC-47B4-A24F-3723DD70DB88}.Debug|Any CPU.Build.0 = Debug|Any CPU
		{E70C957A-92FC-47B4-A24F-3723DD70DB88}.Release|Any CPU.ActiveCfg = Release|Any CPU
		{E70C957A-92FC-47B4-A24F-3723DD70DB88}.Release|Any CPU.Build.0 = Release|Any CPU
	EndGlobalSection
	GlobalSection(SolutionProperties) = preSolution
		HideSolutionNode = FALSE
	EndGlobalSection
	GlobalSection(ExtensibilityGlobals) = postSolution
		SolutionGuid = {8B08BFD8-4F0F-49C3-BBA0-30AF9518E925}
	EndGlobalSection
EndGlobal
